// !$*UTF8*$!
{
	archiveVersion = 1;
	classes = {
	};
	objectVersion = 46;
	objects = {

/* Begin PBXBuildFile section */
		5BCA365B1C9886D400CAC127 /* AppDelegate.swift in Sources */ = {isa = PBXBuildFile; fileRef = 5BCA365A1C9886D400CAC127 /* AppDelegate.swift */; };
		5BCA365D1C9886D400CAC127 /* ViewController.swift in Sources */ = {isa = PBXBuildFile; fileRef = 5BCA365C1C9886D400CAC127 /* ViewController.swift */; };
		5BCA36601C9886D400CAC127 /* Main.storyboard in Resources */ = {isa = PBXBuildFile; fileRef = 5BCA365E1C9886D400CAC127 /* Main.storyboard */; };
		5BCA36621C9886D400CAC127 /* Assets.xcassets in Resources */ = {isa = PBXBuildFile; fileRef = 5BCA36611C9886D400CAC127 /* Assets.xcassets */; };
		5BCA36651C9886D400CAC127 /* LaunchScreen.storyboard in Resources */ = {isa = PBXBuildFile; fileRef = 5BCA36631C9886D400CAC127 /* LaunchScreen.storyboard */; };
		5BCA36701C9886D400CAC127 /* SampleWeatherTests.swift in Sources */ = {isa = PBXBuildFile; fileRef = 5BCA366F1C9886D400CAC127 /* SampleWeatherTests.swift */; };
		5BCA367B1C9886D400CAC127 /* SampleWeatherUITests.swift in Sources */ = {isa = PBXBuildFile; fileRef = 5BCA367A1C9886D400CAC127 /* SampleWeatherUITests.swift */; };
		5BCA368D1C98896900CAC127 /* CurrentWeather.swift in Sources */ = {isa = PBXBuildFile; fileRef = 5BCA368C1C98896900CAC127 /* CurrentWeather.swift */; };
		5BCA368F1C98BEC500CAC127 /* NetworkOperation.swift in Sources */ = {isa = PBXBuildFile; fileRef = 5BCA368E1C98BEC500CAC127 /* NetworkOperation.swift */; };
		5BCA36911C98CB6000CAC127 /* ForecastService.swift in Sources */ = {isa = PBXBuildFile; fileRef = 5BCA36901C98CB6000CAC127 /* ForecastService.swift */; };
		5BCA36931C991F6600CAC127 /* Keys.plist in Resources */ = {isa = PBXBuildFile; fileRef = 5BCA36921C991F6600CAC127 /* Keys.plist */; };
		5BCA36951C99200100CAC127 /* APIKeys.swift in Sources */ = {isa = PBXBuildFile; fileRef = 5BCA36941C99200100CAC127 /* APIKeys.swift */; };
		5BCA36971C99251E00CAC127 /* .gitignore in Resources */ = {isa = PBXBuildFile; fileRef = 5BCA36961C99251E00CAC127 /* .gitignore */; };
/* End PBXBuildFile section */

/* Begin PBXContainerItemProxy section */
		5BCA366C1C9886D400CAC127 /* PBXContainerItemProxy */ = {
			isa = PBXContainerItemProxy;
			containerPortal = 5BCA364F1C9886D400CAC127 /* Project object */;
			proxyType = 1;
			remoteGlobalIDString = 5BCA36561C9886D400CAC127;
			remoteInfo = SampleWeather;
		};
		5BCA36771C9886D400CAC127 /* PBXContainerItemProxy */ = {
			isa = PBXContainerItemProxy;
			containerPortal = 5BCA364F1C9886D400CAC127 /* Project object */;
			proxyType = 1;
			remoteGlobalIDString = 5BCA36561C9886D400CAC127;
			remoteInfo = SampleWeather;
		};
/* End PBXContainerItemProxy section */

/* Begin PBXFileReference section */
		5BCA36571C9886D400CAC127 /* SampleWeather.app */ = {isa = PBXFileReference; explicitFileType = wrapper.application; includeInIndex = 0; path = SampleWeather.app; sourceTree = BUILT_PRODUCTS_DIR; };
		5BCA365A1C9886D400CAC127 /* AppDelegate.swift */ = {isa = PBXFileReference; lastKnownFileType = sourcecode.swift; path = AppDelegate.swift; sourceTree = "<group>"; };
		5BCA365C1C9886D400CAC127 /* ViewController.swift */ = {isa = PBXFileReference; lastKnownFileType = sourcecode.swift; path = ViewController.swift; sourceTree = "<group>"; };
		5BCA365F1C9886D400CAC127 /* Base */ = {isa = PBXFileReference; lastKnownFileType = file.storyboard; name = Base; path = Base.lproj/Main.storyboard; sourceTree = "<group>"; };
		5BCA36611C9886D400CAC127 /* Assets.xcassets */ = {isa = PBXFileReference; lastKnownFileType = folder.assetcatalog; path = Assets.xcassets; sourceTree = "<group>"; };
		5BCA36641C9886D400CAC127 /* Base */ = {isa = PBXFileReference; lastKnownFileType = file.storyboard; name = Base; path = Base.lproj/LaunchScreen.storyboard; sourceTree = "<group>"; };
		5BCA36661C9886D400CAC127 /* Info.plist */ = {isa = PBXFileReference; lastKnownFileType = text.plist.xml; path = Info.plist; sourceTree = "<group>"; };
		5BCA366B1C9886D400CAC127 /* SampleWeatherTests.xctest */ = {isa = PBXFileReference; explicitFileType = wrapper.cfbundle; includeInIndex = 0; path = SampleWeatherTests.xctest; sourceTree = BUILT_PRODUCTS_DIR; };
		5BCA366F1C9886D400CAC127 /* SampleWeatherTests.swift */ = {isa = PBXFileReference; lastKnownFileType = sourcecode.swift; path = SampleWeatherTests.swift; sourceTree = "<group>"; };
		5BCA36711C9886D400CAC127 /* Info.plist */ = {isa = PBXFileReference; lastKnownFileType = text.plist.xml; path = Info.plist; sourceTree = "<group>"; };
		5BCA36761C9886D400CAC127 /* SampleWeatherUITests.xctest */ = {isa = PBXFileReference; explicitFileType = wrapper.cfbundle; includeInIndex = 0; path = SampleWeatherUITests.xctest; sourceTree = BUILT_PRODUCTS_DIR; };
		5BCA367A1C9886D400CAC127 /* SampleWeatherUITests.swift */ = {isa = PBXFileReference; lastKnownFileType = sourcecode.swift; path = SampleWeatherUITests.swift; sourceTree = "<group>"; };
		5BCA367C1C9886D400CAC127 /* Info.plist */ = {isa = PBXFileReference; lastKnownFileType = text.plist.xml; path = Info.plist; sourceTree = "<group>"; };
		5BCA368C1C98896900CAC127 /* CurrentWeather.swift */ = {isa = PBXFileReference; fileEncoding = 4; lastKnownFileType = sourcecode.swift; path = CurrentWeather.swift; sourceTree = "<group>"; };
		5BCA368E1C98BEC500CAC127 /* NetworkOperation.swift */ = {isa = PBXFileReference; fileEncoding = 4; lastKnownFileType = sourcecode.swift; path = NetworkOperation.swift; sourceTree = "<group>"; };
		5BCA36901C98CB6000CAC127 /* ForecastService.swift */ = {isa = PBXFileReference; fileEncoding = 4; lastKnownFileType = sourcecode.swift; path = ForecastService.swift; sourceTree = "<group>"; };
		5BCA36921C991F6600CAC127 /* Keys.plist */ = {isa = PBXFileReference; fileEncoding = 4; lastKnownFileType = text.plist.xml; path = Keys.plist; sourceTree = "<group>"; };
		5BCA36941C99200100CAC127 /* APIKeys.swift */ = {isa = PBXFileReference; fileEncoding = 4; lastKnownFileType = sourcecode.swift; path = APIKeys.swift; sourceTree = "<group>"; };
		5BCA36961C99251E00CAC127 /* .gitignore */ = {isa = PBXFileReference; fileEncoding = 4; lastKnownFileType = text; path = .gitignore; sourceTree = "<group>"; };
/* End PBXFileReference section */

/* Begin PBXFrameworksBuildPhase section */
		5BCA36541C9886D400CAC127 /* Frameworks */ = {
			isa = PBXFrameworksBuildPhase;
			buildActionMask = 2147483647;
			files = (
			);
			runOnlyForDeploymentPostprocessing = 0;
		};
		5BCA36681C9886D400CAC127 /* Frameworks */ = {
			isa = PBXFrameworksBuildPhase;
			buildActionMask = 2147483647;
			files = (
			);
			runOnlyForDeploymentPostprocessing = 0;
		};
		5BCA36731C9886D400CAC127 /* Frameworks */ = {
			isa = PBXFrameworksBuildPhase;
			buildActionMask = 2147483647;
			files = (
			);
			runOnlyForDeploymentPostprocessing = 0;
		};
/* End PBXFrameworksBuildPhase section */

/* Begin PBXGroup section */
		5BCA364E1C9886D400CAC127 = {
			isa = PBXGroup;
			children = (
				5BCA36591C9886D400CAC127 /* SampleWeather */,
				5BCA366E1C9886D400CAC127 /* SampleWeatherTests */,
				5BCA36791C9886D400CAC127 /* SampleWeatherUITests */,
				5BCA36581C9886D400CAC127 /* Products */,
			);
			sourceTree = "<group>";
		};
		5BCA36581C9886D400CAC127 /* Products */ = {
			isa = PBXGroup;
			children = (
				5BCA36571C9886D400CAC127 /* SampleWeather.app */,
				5BCA366B1C9886D400CAC127 /* SampleWeatherTests.xctest */,
				5BCA36761C9886D400CAC127 /* SampleWeatherUITests.xctest */,
			);
			name = Products;
			sourceTree = "<group>";
		};
		5BCA36591C9886D400CAC127 /* SampleWeather */ = {
			isa = PBXGroup;
			children = (
				5BCA365A1C9886D400CAC127 /* AppDelegate.swift */,
				5BCA365C1C9886D400CAC127 /* ViewController.swift */,
				5BCA36941C99200100CAC127 /* APIKeys.swift */,
				5BCA368E1C98BEC500CAC127 /* NetworkOperation.swift */,
				5BCA36961C99251E00CAC127 /* .gitignore */,
				5BCA36901C98CB6000CAC127 /* ForecastService.swift */,
				5BCA368C1C98896900CAC127 /* CurrentWeather.swift */,
				5BCA365E1C9886D400CAC127 /* Main.storyboard */,
				5BCA36611C9886D400CAC127 /* Assets.xcassets */,
				5BCA36631C9886D400CAC127 /* LaunchScreen.storyboard */,
				5BCA36661C9886D400CAC127 /* Info.plist */,
				5BCA36921C991F6600CAC127 /* Keys.plist */,
			);
			path = SampleWeather;
			sourceTree = "<group>";
		};
		5BCA366E1C9886D400CAC127 /* SampleWeatherTests */ = {
			isa = PBXGroup;
			children = (
				5BCA366F1C9886D400CAC127 /* SampleWeatherTests.swift */,
				5BCA36711C9886D400CAC127 /* Info.plist */,
			);
			path = SampleWeatherTests;
			sourceTree = "<group>";
		};
		5BCA36791C9886D400CAC127 /* SampleWeatherUITests */ = {
			isa = PBXGroup;
			children = (
				5BCA367A1C9886D400CAC127 /* SampleWeatherUITests.swift */,
				5BCA367C1C9886D400CAC127 /* Info.plist */,
			);
			path = SampleWeatherUITests;
			sourceTree = "<group>";
		};
/* End PBXGroup section */

/* Begin PBXNativeTarget section */
		5BCA36561C9886D400CAC127 /* SampleWeather */ = {
			isa = PBXNativeTarget;
			buildConfigurationList = 5BCA367F1C9886D400CAC127 /* Build configuration list for PBXNativeTarget "SampleWeather" */;
			buildPhases = (
				5BCA36531C9886D400CAC127 /* Sources */,
				5BCA36541C9886D400CAC127 /* Frameworks */,
				5BCA36551C9886D400CAC127 /* Resources */,
			);
			buildRules = (
			);
			dependencies = (
			);
			name = SampleWeather;
			productName = SampleWeather;
			productReference = 5BCA36571C9886D400CAC127 /* SampleWeather.app */;
			productType = "com.apple.product-type.application";
		};
		5BCA366A1C9886D400CAC127 /* SampleWeatherTests */ = {
			isa = PBXNativeTarget;
			buildConfigurationList = 5BCA36821C9886D400CAC127 /* Build configuration list for PBXNativeTarget "SampleWeatherTests" */;
			buildPhases = (
				5BCA36671C9886D400CAC127 /* Sources */,
				5BCA36681C9886D400CAC127 /* Frameworks */,
				5BCA36691C9886D400CAC127 /* Resources */,
			);
			buildRules = (
			);
			dependencies = (
				5BCA366D1C9886D400CAC127 /* PBXTargetDependency */,
			);
			name = SampleWeatherTests;
			productName = SampleWeatherTests;
			productReference = 5BCA366B1C9886D400CAC127 /* SampleWeatherTests.xctest */;
			productType = "com.apple.product-type.bundle.unit-test";
		};
		5BCA36751C9886D400CAC127 /* SampleWeatherUITests */ = {
			isa = PBXNativeTarget;
			buildConfigurationList = 5BCA36851C9886D400CAC127 /* Build configuration list for PBXNativeTarget "SampleWeatherUITests" */;
			buildPhases = (
				5BCA36721C9886D400CAC127 /* Sources */,
				5BCA36731C9886D400CAC127 /* Frameworks */,
				5BCA36741C9886D400CAC127 /* Resources */,
			);
			buildRules = (
			);
			dependencies = (
				5BCA36781C9886D400CAC127 /* PBXTargetDependency */,
			);
			name = SampleWeatherUITests;
			productName = SampleWeatherUITests;
			productReference = 5BCA36761C9886D400CAC127 /* SampleWeatherUITests.xctest */;
			productType = "com.apple.product-type.bundle.ui-testing";
		};
/* End PBXNativeTarget section */

/* Begin PBXProject section */
		5BCA364F1C9886D400CAC127 /* Project object */ = {
			isa = PBXProject;
			attributes = {
				LastSwiftUpdateCheck = 0720;
				LastUpgradeCheck = 0720;
				ORGANIZATIONNAME = "Alexander Nelson";
				TargetAttributes = {
					5BCA36561C9886D400CAC127 = {
						CreatedOnToolsVersion = 7.2.1;
						DevelopmentTeam = 28Z9E8EXMP;
					};
					5BCA366A1C9886D400CAC127 = {
						CreatedOnToolsVersion = 7.2.1;
						TestTargetID = 5BCA36561C9886D400CAC127;
					};
					5BCA36751C9886D400CAC127 = {
						CreatedOnToolsVersion = 7.2.1;
						TestTargetID = 5BCA36561C9886D400CAC127;
					};
				};
			};
			buildConfigurationList = 5BCA36521C9886D400CAC127 /* Build configuration list for PBXProject "SampleWeather" */;
			compatibilityVersion = "Xcode 3.2";
			developmentRegion = English;
			hasScannedForEncodings = 0;
			knownRegions = (
				en,
				Base,
			);
			mainGroup = 5BCA364E1C9886D400CAC127;
			productRefGroup = 5BCA36581C9886D400CAC127 /* Products */;
			projectDirPath = "";
			projectRoot = "";
			targets = (
				5BCA36561C9886D400CAC127 /* SampleWeather */,
				5BCA366A1C9886D400CAC127 /* SampleWeatherTests */,
				5BCA36751C9886D400CAC127 /* SampleWeatherUITests */,
			);
		};
/* End PBXProject section */

/* Begin PBXResourcesBuildPhase section */
		5BCA36551C9886D400CAC127 /* Resources */ = {
			isa = PBXResourcesBuildPhase;
			buildActionMask = 2147483647;
			files = (
				5BCA36971C99251E00CAC127 /* .gitignore in Resources */,
				5BCA36931C991F6600CAC127 /* Keys.plist in Resources */,
				5BCA36651C9886D400CAC127 /* LaunchScreen.storyboard in Resources */,
				5BCA36621C9886D400CAC127 /* Assets.xcassets in Resources */,
				5BCA36601C9886D400CAC127 /* Main.storyboard in Resources */,
			);
			runOnlyForDeploymentPostprocessing = 0;
		};
		5BCA36691C9886D400CAC127 /* Resources */ = {
			isa = PBXResourcesBuildPhase;
			buildActionMask = 2147483647;
			files = (
			);
			runOnlyForDeploymentPostprocessing = 0;
		};
		5BCA36741C9886D400CAC127 /* Resources */ = {
			isa = PBXResourcesBuildPhase;
			buildActionMask = 2147483647;
			files = (
			);
			runOnlyForDeploymentPostprocessing = 0;
		};
/* End PBXResourcesBuildPhase section */

/* Begin PBXSourcesBuildPhase section */
		5BCA36531C9886D400CAC127 /* Sources */ = {
			isa = PBXSourcesBuildPhase;
			buildActionMask = 2147483647;
			files = (
				5BCA36951C99200100CAC127 /* APIKeys.swift in Sources */,
				5BCA368F1C98BEC500CAC127 /* NetworkOperation.swift in Sources */,
				5BCA365D1C9886D400CAC127 /* ViewController.swift in Sources */,
				5BCA368D1C98896900CAC127 /* CurrentWeather.swift in Sources */,
				5BCA36911C98CB6000CAC127 /* ForecastService.swift in Sources */,
				5BCA365B1C9886D400CAC127 /* AppDelegate.swift in Sources */,
			);
			runOnlyForDeploymentPostprocessing = 0;
		};
		5BCA36671C9886D400CAC127 /* Sources */ = {
			isa = PBXSourcesBuildPhase;
			buildActionMask = 2147483647;
			files = (
				5BCA36701C9886D400CAC127 /* SampleWeatherTests.swift in Sources */,
			);
			runOnlyForDeploymentPostprocessing = 0;
		};
		5BCA36721C9886D400CAC127 /* Sources */ = {
			isa = PBXSourcesBuildPhase;
			buildActionMask = 2147483647;
			files = (
				5BCA367B1C9886D400CAC127 /* SampleWeatherUITests.swift in Sources */,
			);
			runOnlyForDeploymentPostprocessing = 0;
		};
/* End PBXSourcesBuildPhase section */

/* Begin PBXTargetDependency section */
		5BCA366D1C9886D400CAC127 /* PBXTargetDependency */ = {
			isa = PBXTargetDependency;
			target = 5BCA36561C9886D400CAC127 /* SampleWeather */;
			targetProxy = 5BCA366C1C9886D400CAC127 /* PBXContainerItemProxy */;
		};
		5BCA36781C9886D400CAC127 /* PBXTargetDependency */ = {
			isa = PBXTargetDependency;
			target = 5BCA36561C9886D400CAC127 /* SampleWeather */;
			targetProxy = 5BCA36771C9886D400CAC127 /* PBXContainerItemProxy */;
		};
/* End PBXTargetDependency section */

/* Begin PBXVariantGroup section */
		5BCA365E1C9886D400CAC127 /* Main.storyboard */ = {
			isa = PBXVariantGroup;
			children = (
				5BCA365F1C9886D400CAC127 /* Base */,
			);
			name = Main.storyboard;
			sourceTree = "<group>";
		};
		5BCA36631C9886D400CAC127 /* LaunchScreen.storyboard */ = {
			isa = PBXVariantGroup;
			children = (
				5BCA36641C9886D400CAC127 /* Base */,
			);
			name = LaunchScreen.storyboard;
			sourceTree = "<group>";
		};
/* End PBXVariantGroup section */

/* Begin XCBuildConfiguration section */
		5BCA367D1C9886D400CAC127 /* Debug */ = {
			isa = XCBuildConfiguration;
			buildSettings = {
				ALWAYS_SEARCH_USER_PATHS = NO;
				CLANG_CXX_LANGUAGE_STANDARD = "gnu++0x";
				CLANG_CXX_LIBRARY = "libc++";
				CLANG_ENABLE_MODULES = YES;
				CLANG_ENABLE_OBJC_ARC = YES;
				CLANG_WARN_BOOL_CONVERSION = YES;
				CLANG_WARN_CONSTANT_CONVERSION = YES;
				CLANG_WARN_DIRECT_OBJC_ISA_USAGE = YES_ERROR;
				CLANG_WARN_EMPTY_BODY = YES;
				CLANG_WARN_ENUM_CONVERSION = YES;
				CLANG_WARN_INT_CONVERSION = YES;
				CLANG_WARN_OBJC_ROOT_CLASS = YES_ERROR;
				CLANG_WARN_UNREACHABLE_CODE = YES;
				CLANG_WARN__DUPLICATE_METHOD_MATCH = YES;
				"CODE_SIGN_IDENTITY[sdk=iphoneos*]" = "iPhone Developer";
				COPY_PHASE_STRIP = NO;
				DEBUG_INFORMATION_FORMAT = dwarf;
				ENABLE_STRICT_OBJC_MSGSEND = YES;
				ENABLE_TESTABILITY = YES;
				GCC_C_LANGUAGE_STANDARD = gnu99;
				GCC_DYNAMIC_NO_PIC = NO;
				GCC_NO_COMMON_BLOCKS = YES;
				GCC_OPTIMIZATION_LEVEL = 0;
				GCC_PREPROCESSOR_DEFINITIONS = (
					"DEBUG=1",
					"$(inherited)",
				);
				GCC_WARN_64_TO_32_BIT_CONVERSION = YES;
				GCC_WARN_ABOUT_RETURN_TYPE = YES_ERROR;
				GCC_WARN_UNDECLARED_SELECTOR = YES;
				GCC_WARN_UNINITIALIZED_AUTOS = YES_AGGRESSIVE;
				GCC_WARN_UNUSED_FUNCTION = YES;
				GCC_WARN_UNUSED_VARIABLE = YES;
				IPHONEOS_DEPLOYMENT_TARGET = 9.2;
				MTL_ENABLE_DEBUG_INFO = YES;
				ONLY_ACTIVE_ARCH = YES;
				SDKROOT = iphoneos;
				SWIFT_OPTIMIZATION_LEVEL = "-Onone";
			};
			name = Debug;
		};
		5BCA367E1C9886D400CAC127 /* Release */ = {
			isa = XCBuildConfiguration;
			buildSettings = {
				ALWAYS_SEARCH_USER_PATHS = NO;
				CLANG_CXX_LANGUAGE_STANDARD = "gnu++0x";
				CLANG_CXX_LIBRARY = "libc++";
				CLANG_ENABLE_MODULES = YES;
				CLANG_ENABLE_OBJC_ARC = YES;
				CLANG_WARN_BOOL_CONVERSION = YES;
				CLANG_WARN_CONSTANT_CONVERSION = YES;
				CLANG_WARN_DIRECT_OBJC_ISA_USAGE = YES_ERROR;
				CLANG_WARN_EMPTY_BODY = YES;
				CLANG_WARN_ENUM_CONVERSION = YES;
				CLANG_WARN_INT_CONVERSION = YES;
				CLANG_WARN_OBJC_ROOT_CLASS = YES_ERROR;
				CLANG_WARN_UNREACHABLE_CODE = YES;
				CLANG_WARN__DUPLICATE_METHOD_MATCH = YES;
				"CODE_SIGN_IDENTITY[sdk=iphoneos*]" = "iPhone Developer";
				COPY_PHASE_STRIP = NO;
				DEBUG_INFORMATION_FORMAT = "dwarf-with-dsym";
				ENABLE_NS_ASSERTIONS = NO;
				ENABLE_STRICT_OBJC_MSGSEND = YES;
				GCC_C_LANGUAGE_STANDARD = gnu99;
				GCC_NO_COMMON_BLOCKS = YES;
				GCC_WARN_64_TO_32_BIT_CONVERSION = YES;
				GCC_WARN_ABOUT_RETURN_TYPE = YES_ERROR;
				GCC_WARN_UNDECLARED_SELECTOR = YES;
				GCC_WARN_UNINITIALIZED_AUTOS = YES_AGGRESSIVE;
				GCC_WARN_UNUSED_FUNCTION = YES;
				GCC_WARN_UNUSED_VARIABLE = YES;
				IPHONEOS_DEPLOYMENT_TARGET = 9.2;
				MTL_ENABLE_DEBUG_INFO = NO;
				SDKROOT = iphoneos;
				VALIDATE_PRODUCT = YES;
			};
			name = Release;
		};
		5BCA36801C9886D400CAC127 /* Debug */ = {
			isa = XCBuildConfiguration;
			buildSettings = {
				ASSETCATALOG_COMPILER_APPICON_NAME = AppIcon;
				CODE_SIGN_IDENTITY = "iPhone Developer";
				INFOPLIST_FILE = SampleWeather/Info.plist;
				LD_RUNPATH_SEARCH_PATHS = "$(inherited) @executable_path/Frameworks";
				PRODUCT_BUNDLE_IDENTIFIER = com.jetwolfelabs.SampleWeather;
				PRODUCT_NAME = "$(TARGET_NAME)";
			};
			name = Debug;
		};
		5BCA36811C9886D400CAC127 /* Release */ = {
			isa = XCBuildConfiguration;
			buildSettings = {
				ASSETCATALOG_COMPILER_APPICON_NAME = AppIcon;
				CODE_SIGN_IDENTITY = "iPhone Developer";
				INFOPLIST_FILE = SampleWeather/Info.plist;
				LD_RUNPATH_SEARCH_PATHS = "$(inherited) @executable_path/Frameworks";
				PRODUCT_BUNDLE_IDENTIFIER = com.jetwolfelabs.SampleWeather;
				PRODUCT_NAME = "$(TARGET_NAME)";
			};
			name = Release;
		};
		5BCA36831C9886D400CAC127 /* Debug */ = {
			isa = XCBuildConfiguration;
			buildSettings = {
				BUNDLE_LOADER = "$(TEST_HOST)";
				INFOPLIST_FILE = SampleWeatherTests/Info.plist;
				LD_RUNPATH_SEARCH_PATHS = "$(inherited) @executable_path/Frameworks @loader_path/Frameworks";
				PRODUCT_BUNDLE_IDENTIFIER = com.jetwolfelabs.SampleWeatherTests;
				PRODUCT_NAME = "$(TARGET_NAME)";
				TEST_HOST = "$(BUILT_PRODUCTS_DIR)/SampleWeather.app/SampleWeather";
			};
			name = Debug;
		};
		5BCA36841C9886D400CAC127 /* Release */ = {
			isa = XCBuildConfiguration;
			buildSettings = {
				BUNDLE_LOADER = "$(TEST_HOST)";
				INFOPLIST_FILE = SampleWeatherTests/Info.plist;
				LD_RUNPATH_SEARCH_PATHS = "$(inherited) @executable_path/Frameworks @loader_path/Frameworks";
				PRODUCT_BUNDLE_IDENTIFIER = com.jetwolfelabs.SampleWeatherTests;
				PRODUCT_NAME = "$(TARGET_NAME)";
				TEST_HOST = "$(BUILT_PRODUCTS_DIR)/SampleWeather.app/SampleWeather";
			};
			name = Release;
		};
		5BCA36861C9886D400CAC127 /* Debug */ = {
			isa = XCBuildConfiguration;
			buildSettings = {
				INFOPLIST_FILE = SampleWeatherUITests/Info.plist;
				LD_RUNPATH_SEARCH_PATHS = "$(inherited) @executable_path/Frameworks @loader_path/Frameworks";
				PRODUCT_BUNDLE_IDENTIFIER = com.jetwolfelabs.SampleWeatherUITests;
				PRODUCT_NAME = "$(TARGET_NAME)";
				TEST_TARGET_NAME = SampleWeather;
				USES_XCTRUNNER = YES;
			};
			name = Debug;
		};
		5BCA36871C9886D400CAC127 /* Release */ = {
			isa = XCBuildConfiguration;
			buildSettings = {
				INFOPLIST_FILE = SampleWeatherUITests/Info.plist;
				LD_RUNPATH_SEARCH_PATHS = "$(inherited) @executable_path/Frameworks @loader_path/Frameworks";
				PRODUCT_BUNDLE_IDENTIFIER = com.jetwolfelabs.SampleWeatherUITests;
				PRODUCT_NAME = "$(TARGET_NAME)";
				TEST_TARGET_NAME = SampleWeather;
				USES_XCTRUNNER = YES;
			};
			name = Release;
		};
/* End XCBuildConfiguration section */

/* Begin XCConfigurationList section */
		5BCA36521C9886D400CAC127 /* Build configuration list for PBXProject "SampleWeather" */ = {
			isa = XCConfigurationList;
			buildConfigurations = (
				5BCA367D1C9886D400CAC127 /* Debug */,
				5BCA367E1C9886D400CAC127 /* Release */,
			);
			defaultConfigurationIsVisible = 0;
			defaultConfigurationName = Release;
		};
		5BCA367F1C9886D400CAC127 /* Build configuration list for PBXNativeTarget "SampleWeather" */ = {
			isa = XCConfigurationList;
			buildConfigurations = (
				5BCA36801C9886D400CAC127 /* Debug */,
				5BCA36811C9886D400CAC127 /* Release */,
			);
			defaultConfigurationIsVisible = 0;
		};
		5BCA36821C9886D400CAC127 /* Build configuration list for PBXNativeTarget "SampleWeatherTests" */ = {
			isa = XCConfigurationList;
			buildConfigurations = (
				5BCA36831C9886D400CAC127 /* Debug */,
				5BCA36841C9886D400CAC127 /* Release */,
			);
			defaultConfigurationIsVisible = 0;
		};
		5BCA36851C9886D400CAC127 /* Build configuration list for PBXNativeTarget "SampleWeatherUITests" */ = {
			isa = XCConfigurationList;
			buildConfigurations = (
				5BCA36861C9886D400CAC127 /* Debug */,
				5BCA36871C9886D400CAC127 /* Release */,
			);
			defaultConfigurationIsVisible = 0;
		};
/* End XCConfigurationList section */
	};
	rootObject = 5BCA364F1C9886D400CAC127 /* Project object */;
}
